
Microsoft Visual Studio Solution File, Format Version 12.00
# Visual Studio Version 17
VisualStudioVersion = 17.1.32228.430
MinimumVisualStudioVersion = 10.0.40219.1
Project("{FAE04EC0-301F-11D3-BF4B-00C04F79EFBC}") = "ControlDeMultas", "ControlDeMultas\ControlDeMultas.csproj", "{FE1DDF39-77BA-4EF0-BB77-A1E33AF635EF}"
EndProject
Global
	GlobalSection(SolutionConfigurationPlatforms) = preSolution
		Debug|Any CPU = Debug|Any CPU
		Release|Any CPU = Release|Any CPU
	EndGlobalSection
	GlobalSection(ProjectConfigurationPlatforms) = postSolution
		{FE1DDF39-77BA-4EF0-BB77-A1E33AF635EF}.Debug|Any CPU.ActiveCfg = Debug|Any CPU
		{FE1DDF39-77BA-4EF0-BB77-A1E33AF635EF}.Debug|Any CPU.Build.0 = Debug|Any CPU
		{FE1DDF39-77BA-4EF0-BB77-A1E33AF635EF}.Release|Any CPU.ActiveCfg = Release|Any CPU
		{FE1DDF39-77BA-4EF0-BB77-A1E33AF635EF}.Release|Any CPU.Build.0 = Release|Any CPU
	EndGlobalSection
	GlobalSection(SolutionProperties) = preSolution
		HideSolutionNode = FALSE
	EndGlobalSection
	GlobalSection(ExtensibilityGlobals) = postSolution
		SolutionGuid = {4A6B8615-43BD-45D4-966F-307EC9BE687C}
	EndGlobalSection
EndGlobal
